
Microsoft Visual Studio Solution File, Format Version 12.00
# Visual Studio Version 17
VisualStudioVersion = 17.0.32112.339
MinimumVisualStudioVersion = 10.0.40219.1
Project("{9A19103F-16F7-4668-BE54-9A1E7A4F7556}") = "RiseWebApi", "RiseWebApi\RiseWebApi.csproj", "{52495006-6496-44B9-A868-C54E08810C03}"
EndProject
Project("{2150E333-8FDC-42A3-9474-1A3956D46DE8}") = "core", "core", "{5AD4A716-4CDC-4872-9C76-E47192ABBC2C}"
EndProject
Project("{9A19103F-16F7-4668-BE54-9A1E7A4F7556}") = "SDIKit.Common", "core\SDIKit.Common\SDIKit.Common.csproj", "{966D7862-253D-44AD-AD6A-5A77F1A620CE}"
EndProject
Project("{9A19103F-16F7-4668-BE54-9A1E7A4F7556}") = "SDIKit.Data", "core\SDIKit.Data\SDIKit.Data.csproj", "{F3856C3A-4FD5-4D13-AD59-6CAD9689DD88}"
EndProject
Project("{9A19103F-16F7-4668-BE54-9A1E7A4F7556}") = "Rise.Rabbitmq.Consumer", "Rise.Rabbitmq.Consumer\Rise.Rabbitmq.Consumer.csproj", "{9BA522D7-4408-4343-AD7F-DF36246075BC}"
EndProject
Project("{2150E333-8FDC-42A3-9474-1A3956D46DE8}") = "test", "test", "{2858D8A2-B13B-45B6-A2A9-84F4FB4C4996}"
EndProject
Project("{9A19103F-16F7-4668-BE54-9A1E7A4F7556}") = "Rise.Data.Test", "test\Rise.Data.Test\Rise.Data.Test.csproj", "{F4355445-E5BC-4E51-99A4-4E33CA9AAADD}"
EndProject
Project("{FAE04EC0-301F-11D3-BF4B-00C04F79EFBC}") = "Rise.Application.Test", "test\Rise.Application.Test\Rise.Application.Test.csproj", "{3CEC60EA-8288-4489-87EB-86DF9867CAA7}"
EndProject
Project("{2150E333-8FDC-42A3-9474-1A3956D46DE8}") = "src", "src", "{24ECC6F3-4373-4D24-A62B-CB23D9ABA9D8}"
EndProject
Project("{9A19103F-16F7-4668-BE54-9A1E7A4F7556}") = "Rise.Application.Contracts", "src\Rise.Application.Contracts\Rise.Application.Contracts.csproj", "{94B3642B-34BE-458F-84D3-299E45B186D6}"
EndProject
Project("{9A19103F-16F7-4668-BE54-9A1E7A4F7556}") = "Rise.Domain", "src\Rise.Domain\Rise.Domain.csproj", "{7FDED405-2000-4CB4-9612-6C6997B652C4}"
EndProject
Project("{9A19103F-16F7-4668-BE54-9A1E7A4F7556}") = "Rise.Migrator", "src\Rise.Migrator\Rise.Migrator.csproj", "{47398F2C-9BE8-44D9-9491-BE5E0E801B96}"
EndProject
Project("{9A19103F-16F7-4668-BE54-9A1E7A4F7556}") = "Rise.Rabbitmq", "src\Rise.Rabbitmq\Rise.Rabbitmq.csproj", "{B3E4BB6A-9CFA-40D1-B719-C6A8FE2543FF}"
EndProject
Project("{9A19103F-16F7-4668-BE54-9A1E7A4F7556}") = "Rise.Application", "src\RiseApplication\Rise.Application.csproj", "{439AA4E9-1074-4ECF-ABBB-2CFFCF9DFFD2}"
EndProject
Global
	GlobalSection(SolutionConfigurationPlatforms) = preSolution
		Debug|Any CPU = Debug|Any CPU
		Release|Any CPU = Release|Any CPU
	EndGlobalSection
	GlobalSection(ProjectConfigurationPlatforms) = postSolution
		{52495006-6496-44B9-A868-C54E08810C03}.Debug|Any CPU.ActiveCfg = Debug|Any CPU
		{52495006-6496-44B9-A868-C54E08810C03}.Debug|Any CPU.Build.0 = Debug|Any CPU
		{52495006-6496-44B9-A868-C54E08810C03}.Release|Any CPU.ActiveCfg = Release|Any CPU
		{52495006-6496-44B9-A868-C54E08810C03}.Release|Any CPU.Build.0 = Release|Any CPU
		{966D7862-253D-44AD-AD6A-5A77F1A620CE}.Debug|Any CPU.ActiveCfg = Debug|Any CPU
		{966D7862-253D-44AD-AD6A-5A77F1A620CE}.Debug|Any CPU.Build.0 = Debug|Any CPU
		{966D7862-253D-44AD-AD6A-5A77F1A620CE}.Release|Any CPU.ActiveCfg = Release|Any CPU
		{966D7862-253D-44AD-AD6A-5A77F1A620CE}.Release|Any CPU.Build.0 = Release|Any CPU
		{F3856C3A-4FD5-4D13-AD59-6CAD9689DD88}.Debug|Any CPU.ActiveCfg = Debug|Any CPU
		{F3856C3A-4FD5-4D13-AD59-6CAD9689DD88}.Debug|Any CPU.Build.0 = Debug|Any CPU
		{F3856C3A-4FD5-4D13-AD59-6CAD9689DD88}.Release|Any CPU.ActiveCfg = Release|Any CPU
		{F3856C3A-4FD5-4D13-AD59-6CAD9689DD88}.Release|Any CPU.Build.0 = Release|Any CPU
		{9BA522D7-4408-4343-AD7F-DF36246075BC}.Debug|Any CPU.ActiveCfg = Debug|Any CPU
		{9BA522D7-4408-4343-AD7F-DF36246075BC}.Debug|Any CPU.Build.0 = Debug|Any CPU
		{9BA522D7-4408-4343-AD7F-DF36246075BC}.Release|Any CPU.ActiveCfg = Release|Any CPU
		{9BA522D7-4408-4343-AD7F-DF36246075BC}.Release|Any CPU.Build.0 = Release|Any CPU
		{F4355445-E5BC-4E51-99A4-4E33CA9AAADD}.Debug|Any CPU.ActiveCfg = Debug|Any CPU
		{F4355445-E5BC-4E51-99A4-4E33CA9AAADD}.Debug|Any CPU.Build.0 = Debug|Any CPU
		{F4355445-E5BC-4E51-99A4-4E33CA9AAADD}.Release|Any CPU.ActiveCfg = Release|Any CPU
		{F4355445-E5BC-4E51-99A4-4E33CA9AAADD}.Release|Any CPU.Build.0 = Release|Any CPU
		{3CEC60EA-8288-4489-87EB-86DF9867CAA7}.Debug|Any CPU.ActiveCfg = Debug|Any CPU
		{3CEC60EA-8288-4489-87EB-86DF9867CAA7}.Debug|Any CPU.Build.0 = Debug|Any CPU
		{3CEC60EA-8288-4489-87EB-86DF9867CAA7}.Release|Any CPU.ActiveCfg = Release|Any CPU
		{3CEC60EA-8288-4489-87EB-86DF9867CAA7}.Release|Any CPU.Build.0 = Release|Any CPU
		{94B3642B-34BE-458F-84D3-299E45B186D6}.Debug|Any CPU.ActiveCfg = Debug|Any CPU
		{94B3642B-34BE-458F-84D3-299E45B186D6}.Debug|Any CPU.Build.0 = Debug|Any CPU
		{94B3642B-34BE-458F-84D3-299E45B186D6}.Release|Any CPU.ActiveCfg = Release|Any CPU
		{94B3642B-34BE-458F-84D3-299E45B186D6}.Release|Any CPU.Build.0 = Release|Any CPU
		{7FDED405-2000-4CB4-9612-6C6997B652C4}.Debug|Any CPU.ActiveCfg = Debug|Any CPU
		{7FDED405-2000-4CB4-9612-6C6997B652C4}.Debug|Any CPU.Build.0 = Debug|Any CPU
		{7FDED405-2000-4CB4-9612-6C6997B652C4}.Release|Any CPU.ActiveCfg = Release|Any CPU
		{7FDED405-2000-4CB4-9612-6C6997B652C4}.Release|Any CPU.Build.0 = Release|Any CPU
		{47398F2C-9BE8-44D9-9491-BE5E0E801B96}.Debug|Any CPU.ActiveCfg = Debug|Any CPU
		{47398F2C-9BE8-44D9-9491-BE5E0E801B96}.Debug|Any CPU.Build.0 = Debug|Any CPU
		{47398F2C-9BE8-44D9-9491-BE5E0E801B96}.Release|Any CPU.ActiveCfg = Release|Any CPU
		{47398F2C-9BE8-44D9-9491-BE5E0E801B96}.Release|Any CPU.Build.0 = Release|Any CPU
		{B3E4BB6A-9CFA-40D1-B719-C6A8FE2543FF}.Debug|Any CPU.ActiveCfg = Debug|Any CPU
		{B3E4BB6A-9CFA-40D1-B719-C6A8FE2543FF}.Debug|Any CPU.Build.0 = Debug|Any CPU
		{B3E4BB6A-9CFA-40D1-B719-C6A8FE2543FF}.Release|Any CPU.ActiveCfg = Release|Any CPU
		{B3E4BB6A-9CFA-40D1-B719-C6A8FE2543FF}.Release|Any CPU.Build.0 = Release|Any CPU
		{439AA4E9-1074-4ECF-ABBB-2CFFCF9DFFD2}.Debug|Any CPU.ActiveCfg = Debug|Any CPU
		{439AA4E9-1074-4ECF-ABBB-2CFFCF9DFFD2}.Debug|Any CPU.Build.0 = Debug|Any CPU
		{439AA4E9-1074-4ECF-ABBB-2CFFCF9DFFD2}.Release|Any CPU.ActiveCfg = Release|Any CPU
		{439AA4E9-1074-4ECF-ABBB-2CFFCF9DFFD2}.Release|Any CPU.Build.0 = Release|Any CPU
	EndGlobalSection
	GlobalSection(SolutionProperties) = preSolution
		HideSolutionNode = FALSE
	EndGlobalSection
	GlobalSection(NestedProjects) = preSolution
		{52495006-6496-44B9-A868-C54E08810C03} = {24ECC6F3-4373-4D24-A62B-CB23D9ABA9D8}
		{966D7862-253D-44AD-AD6A-5A77F1A620CE} = {5AD4A716-4CDC-4872-9C76-E47192ABBC2C}
		{F3856C3A-4FD5-4D13-AD59-6CAD9689DD88} = {5AD4A716-4CDC-4872-9C76-E47192ABBC2C}
		{9BA522D7-4408-4343-AD7F-DF36246075BC} = {24ECC6F3-4373-4D24-A62B-CB23D9ABA9D8}
		{F4355445-E5BC-4E51-99A4-4E33CA9AAADD} = {2858D8A2-B13B-45B6-A2A9-84F4FB4C4996}
		{3CEC60EA-8288-4489-87EB-86DF9867CAA7} = {2858D8A2-B13B-45B6-A2A9-84F4FB4C4996}
		{94B3642B-34BE-458F-84D3-299E45B186D6} = {24ECC6F3-4373-4D24-A62B-CB23D9ABA9D8}
		{7FDED405-2000-4CB4-9612-6C6997B652C4} = {24ECC6F3-4373-4D24-A62B-CB23D9ABA9D8}
		{47398F2C-9BE8-44D9-9491-BE5E0E801B96} = {24ECC6F3-4373-4D24-A62B-CB23D9ABA9D8}
		{B3E4BB6A-9CFA-40D1-B719-C6A8FE2543FF} = {24ECC6F3-4373-4D24-A62B-CB23D9ABA9D8}
		{439AA4E9-1074-4ECF-ABBB-2CFFCF9DFFD2} = {24ECC6F3-4373-4D24-A62B-CB23D9ABA9D8}
	EndGlobalSection
	GlobalSection(ExtensibilityGlobals) = postSolution
		SolutionGuid = {C52D160F-AA2D-4870-9BCF-26C62B0BF7A6}
	EndGlobalSection
EndGlobal
